
Microsoft Visual Studio Solution File, Format Version 12.00
# Visual Studio Version 17
VisualStudioVersion = 17.5.33516.290
MinimumVisualStudioVersion = 10.0.40219.1
Project("{FAE04EC0-301F-11D3-BF4B-00C04F79EFBC}") = "BackendFunctions", "BackendFunctions.csproj", "{CB6E5246-2410-47B7-B3A7-FA025A82684D}"
EndProject
Global
	GlobalSection(SolutionConfigurationPlatforms) = preSolution
		Debug|Any CPU = Debug|Any CPU
		Release|Any CPU = Release|Any CPU
	EndGlobalSection
	GlobalSection(ProjectConfigurationPlatforms) = postSolution
		{CB6E5246-2410-47B7-B3A7-FA025A82684D}.Debug|Any CPU.ActiveCfg = Debug|Any CPU
		{CB6E5246-2410-47B7-B3A7-FA025A82684D}.Debug|Any CPU.Build.0 = Debug|Any CPU
		{CB6E5246-2410-47B7-B3A7-FA025A82684D}.Release|Any CPU.ActiveCfg = Release|Any CPU
		{CB6E5246-2410-47B7-B3A7-FA025A82684D}.Release|Any CPU.Build.0 = Release|Any CPU
	EndGlobalSection
	GlobalSection(SolutionProperties) = preSolution
		HideSolutionNode = FALSE
	EndGlobalSection
	GlobalSection(ExtensibilityGlobals) = postSolution
		SolutionGuid = {3FF02BF2-734F-4F2F-8863-A6C85C41EFBF}
	EndGlobalSection
EndGlobal
